// !$*UTF8*$!
{
	archiveVersion = 1;
	classes = {
	};
	objectVersion = 50;
	objects = {

/* Begin PBXBuildFile section */
		AD04CD6222C4C70200F45E6E /* AppDelegate.swift in Sources */ = {isa = PBXBuildFile; fileRef = AD04CD6122C4C70200F45E6E /* AppDelegate.swift */; };
		AD04CD6422C4C70200F45E6E /* SceneDelegate.swift in Sources */ = {isa = PBXBuildFile; fileRef = AD04CD6322C4C70200F45E6E /* SceneDelegate.swift */; };
		AD04CD6622C4C70200F45E6E /* Home.swift in Sources */ = {isa = PBXBuildFile; fileRef = AD04CD6522C4C70200F45E6E /* Home.swift */; };
		AD04CD6822C4C70400F45E6E /* Assets.xcassets in Resources */ = {isa = PBXBuildFile; fileRef = AD04CD6722C4C70400F45E6E /* Assets.xcassets */; };
		AD04CD6B22C4C70400F45E6E /* Preview Assets.xcassets in Resources */ = {isa = PBXBuildFile; fileRef = AD04CD6A22C4C70400F45E6E /* Preview Assets.xcassets */; };
		AD04CD6E22C4C70400F45E6E /* LaunchScreen.storyboard in Resources */ = {isa = PBXBuildFile; fileRef = AD04CD6C22C4C70400F45E6E /* LaunchScreen.storyboard */; };
		AD04CD7622C4C74900F45E6E /* data.json in Resources */ = {isa = PBXBuildFile; fileRef = AD04CD7522C4C74900F45E6E /* data.json */; };
		AD04CD7822C4C91900F45E6E /* Data.swift in Sources */ = {isa = PBXBuildFile; fileRef = AD04CD7722C4C91900F45E6E /* Data.swift */; };
		AD04CD7A22C4CA4F00F45E6E /* Coffee.swift in Sources */ = {isa = PBXBuildFile; fileRef = AD04CD7922C4CA4F00F45E6E /* Coffee.swift */; };
		AD04CD7C22C4CB3100F45E6E /* CoffeeItem.swift in Sources */ = {isa = PBXBuildFile; fileRef = AD04CD7B22C4CB3100F45E6E /* CoffeeItem.swift */; };
		AD04CD7E22C4EE3700F45E6E /* CoffeeRow.swift in Sources */ = {isa = PBXBuildFile; fileRef = AD04CD7D22C4EE3700F45E6E /* CoffeeRow.swift */; };
		AD04CD8022C4F48800F45E6E /* CoffeeDetail.swift in Sources */ = {isa = PBXBuildFile; fileRef = AD04CD7F22C4F48800F45E6E /* CoffeeDetail.swift */; };
/* End PBXBuildFile section */

/* Begin PBXFileReference section */
		AD04CD5E22C4C70200F45E6E /* Coffee.app */ = {isa = PBXFileReference; explicitFileType = wrapper.application; includeInIndex = 0; path = Coffee.app; sourceTree = BUILT_PRODUCTS_DIR; };
		AD04CD6122C4C70200F45E6E /* AppDelegate.swift */ = {isa = PBXFileReference; lastKnownFileType = sourcecode.swift; path = AppDelegate.swift; sourceTree = "<group>"; };
		AD04CD6322C4C70200F45E6E /* SceneDelegate.swift */ = {isa = PBXFileReference; lastKnownFileType = sourcecode.swift; path = SceneDelegate.swift; sourceTree = "<group>"; };
		AD04CD6522C4C70200F45E6E /* Home.swift */ = {isa = PBXFileReference; lastKnownFileType = sourcecode.swift; path = Home.swift; sourceTree = "<group>"; };
		AD04CD6722C4C70400F45E6E /* Assets.xcassets */ = {isa = PBXFileReference; lastKnownFileType = folder.assetcatalog; path = Assets.xcassets; sourceTree = "<group>"; };
		AD04CD6A22C4C70400F45E6E /* Preview Assets.xcassets */ = {isa = PBXFileReference; lastKnownFileType = folder.assetcatalog; path = "Preview Assets.xcassets"; sourceTree = "<group>"; };
		AD04CD6D22C4C70400F45E6E /* Base */ = {isa = PBXFileReference; lastKnownFileType = file.storyboard; name = Base; path = Base.lproj/LaunchScreen.storyboard; sourceTree = "<group>"; };
		AD04CD6F22C4C70400F45E6E /* Info.plist */ = {isa = PBXFileReference; lastKnownFileType = text.plist.xml; path = Info.plist; sourceTree = "<group>"; };
		AD04CD7522C4C74900F45E6E /* data.json */ = {isa = PBXFileReference; fileEncoding = 4; lastKnownFileType = text.json; path = data.json; sourceTree = "<group>"; };
		AD04CD7722C4C91900F45E6E /* Data.swift */ = {isa = PBXFileReference; lastKnownFileType = sourcecode.swift; path = Data.swift; sourceTree = "<group>"; };
		AD04CD7922C4CA4F00F45E6E /* Coffee.swift */ = {isa = PBXFileReference; lastKnownFileType = sourcecode.swift; path = Coffee.swift; sourceTree = "<group>"; };
		AD04CD7B22C4CB3100F45E6E /* CoffeeItem.swift */ = {isa = PBXFileReference; lastKnownFileType = sourcecode.swift; path = CoffeeItem.swift; sourceTree = "<group>"; };
		AD04CD7D22C4EE3700F45E6E /* CoffeeRow.swift */ = {isa = PBXFileReference; lastKnownFileType = sourcecode.swift; path = CoffeeRow.swift; sourceTree = "<group>"; };
		AD04CD7F22C4F48800F45E6E /* CoffeeDetail.swift */ = {isa = PBXFileReference; lastKnownFileType = sourcecode.swift; path = CoffeeDetail.swift; sourceTree = "<group>"; };
/* End PBXFileReference section */

/* Begin PBXFrameworksBuildPhase section */
		AD04CD5B22C4C70200F45E6E /* Frameworks */ = {
			isa = PBXFrameworksBuildPhase;
			buildActionMask = 2147483647;
			files = (
			);
			runOnlyForDeploymentPostprocessing = 0;
		};
/* End PBXFrameworksBuildPhase section */

/* Begin PBXGroup section */
		AD04CD5522C4C70200F45E6E = {
			isa = PBXGroup;
			children = (
				AD04CD6022C4C70200F45E6E /* Coffee */,
				AD04CD5F22C4C70200F45E6E /* Products */,
			);
			sourceTree = "<group>";
		};
		AD04CD5F22C4C70200F45E6E /* Products */ = {
			isa = PBXGroup;
			children = (
				AD04CD5E22C4C70200F45E6E /* Coffee.app */,
			);
			name = Products;
			sourceTree = "<group>";
		};
		AD04CD6022C4C70200F45E6E /* Coffee */ = {
			isa = PBXGroup;
			children = (
				AD04CD6122C4C70200F45E6E /* AppDelegate.swift */,
				AD04CD6322C4C70200F45E6E /* SceneDelegate.swift */,
				AD04CD8122C4FC1C00F45E6E /* Model */,
				AD04CD8222C4FC3500F45E6E /* Views */,
				AD04CD6722C4C70400F45E6E /* Assets.xcassets */,
				AD04CD6C22C4C70400F45E6E /* LaunchScreen.storyboard */,
				AD04CD7522C4C74900F45E6E /* data.json */,
				AD04CD6F22C4C70400F45E6E /* Info.plist */,
				AD04CD6922C4C70400F45E6E /* Preview Content */,
			);
			path = Coffee;
			sourceTree = "<group>";
		};
		AD04CD6922C4C70400F45E6E /* Preview Content */ = {
			isa = PBXGroup;
			children = (
				AD04CD6A22C4C70400F45E6E /* Preview Assets.xcassets */,
			);
			path = "Preview Content";
			sourceTree = "<group>";
		};
		AD04CD8122C4FC1C00F45E6E /* Model */ = {
			isa = PBXGroup;
			children = (
				AD04CD7722C4C91900F45E6E /* Data.swift */,
				AD04CD7922C4CA4F00F45E6E /* Coffee.swift */,
			);
			path = Model;
			sourceTree = "<group>";
		};
		AD04CD8222C4FC3500F45E6E /* Views */ = {
			isa = PBXGroup;
			children = (
				AD04CD6522C4C70200F45E6E /* Home.swift */,
				AD04CD7F22C4F48800F45E6E /* CoffeeDetail.swift */,
				AD04CD7D22C4EE3700F45E6E /* CoffeeRow.swift */,
				AD04CD7B22C4CB3100F45E6E /* CoffeeItem.swift */,
			);
			path = Views;
			sourceTree = "<group>";
		};
/* End PBXGroup section */

/* Begin PBXNativeTarget section */
		AD04CD5D22C4C70200F45E6E /* Coffee */ = {
			isa = PBXNativeTarget;
			buildConfigurationList = AD04CD7222C4C70400F45E6E /* Build configuration list for PBXNativeTarget "Coffee" */;
			buildPhases = (
				AD04CD5A22C4C70200F45E6E /* Sources */,
				AD04CD5B22C4C70200F45E6E /* Frameworks */,
				AD04CD5C22C4C70200F45E6E /* Resources */,
			);
			buildRules = (
			);
			dependencies = (
			);
			name = Coffee;
			productName = Coffee;
			productReference = AD04CD5E22C4C70200F45E6E /* Coffee.app */;
			productType = "com.apple.product-type.application";
		};
/* End PBXNativeTarget section */

/* Begin PBXProject section */
		AD04CD5622C4C70200F45E6E /* Project object */ = {
			isa = PBXProject;
			attributes = {
				LastSwiftUpdateCheck = 1100;
				LastUpgradeCheck = 1100;
				ORGANIZATIONNAME = "Catalina Beta";
				TargetAttributes = {
					AD04CD5D22C4C70200F45E6E = {
						CreatedOnToolsVersion = 11.0;
					};
				};
			};
			buildConfigurationList = AD04CD5922C4C70200F45E6E /* Build configuration list for PBXProject "Coffee" */;
			compatibilityVersion = "Xcode 9.3";
			developmentRegion = en;
			hasScannedForEncodings = 0;
			knownRegions = (
				en,
				Base,
			);
			mainGroup = AD04CD5522C4C70200F45E6E;
			productRefGroup = AD04CD5F22C4C70200F45E6E /* Products */;
			projectDirPath = "";
			projectRoot = "";
			targets = (
				AD04CD5D22C4C70200F45E6E /* Coffee */,
			);
		};
/* End PBXProject section */

/* Begin PBXResourcesBuildPhase section */
		AD04CD5C22C4C70200F45E6E /* Resources */ = {
			isa = PBXResourcesBuildPhase;
			buildActionMask = 2147483647;
			files = (
				AD04CD6E22C4C70400F45E6E /* LaunchScreen.storyboard in Resources */,
				AD04CD6B22C4C70400F45E6E /* Preview Assets.xcassets in Resources */,
				AD04CD6822C4C70400F45E6E /* Assets.xcassets in Resources */,
				AD04CD7622C4C74900F45E6E /* data.json in Resources */,
			);
			runOnlyForDeploymentPostprocessing = 0;
		};
/* End PBXResourcesBuildPhase section */

/* Begin PBXSourcesBuildPhase section */
		AD04CD5A22C4C70200F45E6E /* Sources */ = {
			isa = PBXSourcesBuildPhase;
			buildActionMask = 2147483647;
			files = (
				AD04CD8022C4F48800F45E6E /* CoffeeDetail.swift in Sources */,
				AD04CD6222C4C70200F45E6E /* AppDelegate.swift in Sources */,
				AD04CD7E22C4EE3700F45E6E /* CoffeeRow.swift in Sources */,
				AD04CD6422C4C70200F45E6E /* SceneDelegate.swift in Sources */,
				AD04CD6622C4C70200F45E6E /* Home.swift in Sources */,
				AD04CD7822C4C91900F45E6E /* Data.swift in Sources */,
				AD04CD7C22C4CB3100F45E6E /* CoffeeItem.swift in Sources */,
				AD04CD7A22C4CA4F00F45E6E /* Coffee.swift in Sources */,
			);
			runOnlyForDeploymentPostprocessing = 0;
		};
/* End PBXSourcesBuildPhase section */

/* Begin PBXVariantGroup section */
		AD04CD6C22C4C70400F45E6E /* LaunchScreen.storyboard */ = {
			isa = PBXVariantGroup;
			children = (
				AD04CD6D22C4C70400F45E6E /* Base */,
			);
			name = LaunchScreen.storyboard;
			sourceTree = "<group>";
		};
/* End PBXVariantGroup section */

/* Begin XCBuildConfiguration section */
		AD04CD7022C4C70400F45E6E /* Debug */ = {
			isa = XCBuildConfiguration;
			buildSettings = {
				ALWAYS_SEARCH_USER_PATHS = NO;
				CLANG_ANALYZER_NONNULL = YES;
				CLANG_ANALYZER_NUMBER_OBJECT_CONVERSION = YES_AGGRESSIVE;
				CLANG_CXX_LANGUAGE_STANDARD = "gnu++14";
				CLANG_CXX_LIBRARY = "libc++";
				CLANG_ENABLE_MODULES = YES;
				CLANG_ENABLE_OBJC_ARC = YES;
				CLANG_ENABLE_OBJC_WEAK = YES;
				CLANG_WARN_BLOCK_CAPTURE_AUTORELEASING = YES;
				CLANG_WARN_BOOL_CONVERSION = YES;
				CLANG_WARN_COMMA = YES;
				CLANG_WARN_CONSTANT_CONVERSION = YES;
				CLANG_WARN_DEPRECATED_OBJC_IMPLEMENTATIONS = YES;
				CLANG_WARN_DIRECT_OBJC_ISA_USAGE = YES_ERROR;
				CLANG_WARN_DOCUMENTATION_COMMENTS = YES;
				CLANG_WARN_EMPTY_BODY = YES;
				CLANG_WARN_ENUM_CONVERSION = YES;
				CLANG_WARN_INFINITE_RECURSION = YES;
				CLANG_WARN_INT_CONVERSION = YES;
				CLANG_WARN_NON_LITERAL_NULL_CONVERSION = YES;
				CLANG_WARN_OBJC_IMPLICIT_RETAIN_SELF = YES;
				CLANG_WARN_OBJC_LITERAL_CONVERSION = YES;
				CLANG_WARN_OBJC_ROOT_CLASS = YES_ERROR;
				CLANG_WARN_RANGE_LOOP_ANALYSIS = YES;
				CLANG_WARN_STRICT_PROTOTYPES = YES;
				CLANG_WARN_SUSPICIOUS_MOVE = YES;
				CLANG_WARN_UNGUARDED_AVAILABILITY = YES_AGGRESSIVE;
				CLANG_WARN_UNREACHABLE_CODE = YES;
				CLANG_WARN__DUPLICATE_METHOD_MATCH = YES;
				COPY_PHASE_STRIP = NO;
				DEBUG_INFORMATION_FORMAT = dwarf;
				ENABLE_STRICT_OBJC_MSGSEND = YES;
				ENABLE_TESTABILITY = YES;
				GCC_C_LANGUAGE_STANDARD = gnu11;
				GCC_DYNAMIC_NO_PIC = NO;
				GCC_NO_COMMON_BLOCKS = YES;
				GCC_OPTIMIZATION_LEVEL = 0;
				GCC_PREPROCESSOR_DEFINITIONS = (
					"DEBUG=1",
					"$(inherited)",
				);
				GCC_WARN_64_TO_32_BIT_CONVERSION = YES;
				GCC_WARN_ABOUT_RETURN_TYPE = YES_ERROR;
				GCC_WARN_UNDECLARED_SELECTOR = YES;
				GCC_WARN_UNINITIALIZED_AUTOS = YES_AGGRESSIVE;
				GCC_WARN_UNUSED_FUNCTION = YES;
				GCC_WARN_UNUSED_VARIABLE = YES;
				IPHONEOS_DEPLOYMENT_TARGET = 13.0;
				MTL_ENABLE_DEBUG_INFO = INCLUDE_SOURCE;
				MTL_FAST_MATH = YES;
				ONLY_ACTIVE_ARCH = YES;
				SDKROOT = iphoneos;
				SWIFT_ACTIVE_COMPILATION_CONDITIONS = DEBUG;
				SWIFT_OPTIMIZATION_LEVEL = "-Onone";
			};
			name = Debug;
		};
		AD04CD7122C4C70400F45E6E /* Release */ = {
			isa = XCBuildConfiguration;
			buildSettings = {
				ALWAYS_SEARCH_USER_PATHS = NO;
				CLANG_ANALYZER_NONNULL = YES;
				CLANG_ANALYZER_NUMBER_OBJECT_CONVERSION = YES_AGGRESSIVE;
				CLANG_CXX_LANGUAGE_STANDARD = "gnu++14";
				CLANG_CXX_LIBRARY = "libc++";
				CLANG_ENABLE_MODULES = YES;
				CLANG_ENABLE_OBJC_ARC = YES;
				CLANG_ENABLE_OBJC_WEAK = YES;
				CLANG_WARN_BLOCK_CAPTURE_AUTORELEASING = YES;
				CLANG_WARN_BOOL_CONVERSION = YES;
				CLANG_WARN_COMMA = YES;
				CLANG_WARN_CONSTANT_CONVERSION = YES;
				CLANG_WARN_DEPRECATED_OBJC_IMPLEMENTATIONS = YES;
				CLANG_WARN_DIRECT_OBJC_ISA_USAGE = YES_ERROR;
				CLANG_WARN_DOCUMENTATION_COMMENTS = YES;
				CLANG_WARN_EMPTY_BODY = YES;
				CLANG_WARN_ENUM_CONVERSION = YES;
				CLANG_WARN_INFINITE_RECURSION = YES;
				CLANG_WARN_INT_CONVERSION = YES;
				CLANG_WARN_NON_LITERAL_NULL_CONVERSION = YES;
				CLANG_WARN_OBJC_IMPLICIT_RETAIN_SELF = YES;
				CLANG_WARN_OBJC_LITERAL_CONVERSION = YES;
				CLANG_WARN_OBJC_ROOT_CLASS = YES_ERROR;
				CLANG_WARN_RANGE_LOOP_ANALYSIS = YES;
				CLANG_WARN_STRICT_PROTOTYPES = YES;
				CLANG_WARN_SUSPICIOUS_MOVE = YES;
				CLANG_WARN_UNGUARDED_AVAILABILITY = YES_AGGRESSIVE;
				CLANG_WARN_UNREACHABLE_CODE = YES;
				CLANG_WARN__DUPLICATE_METHOD_MATCH = YES;
				COPY_PHASE_STRIP = NO;
				DEBUG_INFORMATION_FORMAT = "dwarf-with-dsym";
				ENABLE_NS_ASSERTIONS = NO;
				ENABLE_STRICT_OBJC_MSGSEND = YES;
				GCC_C_LANGUAGE_STANDARD = gnu11;
				GCC_NO_COMMON_BLOCKS = YES;
				GCC_WARN_64_TO_32_BIT_CONVERSION = YES;
				GCC_WARN_ABOUT_RETURN_TYPE = YES_ERROR;
				GCC_WARN_UNDECLARED_SELECTOR = YES;
				GCC_WARN_UNINITIALIZED_AUTOS = YES_AGGRESSIVE;
				GCC_WARN_UNUSED_FUNCTION = YES;
				GCC_WARN_UNUSED_VARIABLE = YES;
				IPHONEOS_DEPLOYMENT_TARGET = 13.0;
				MTL_ENABLE_DEBUG_INFO = NO;
				MTL_FAST_MATH = YES;
				SDKROOT = iphoneos;
				SWIFT_COMPILATION_MODE = wholemodule;
				SWIFT_OPTIMIZATION_LEVEL = "-O";
				VALIDATE_PRODUCT = YES;
			};
			name = Release;
		};
		AD04CD7322C4C70400F45E6E /* Debug */ = {
			isa = XCBuildConfiguration;
			buildSettings = {
				ASSETCATALOG_COMPILER_APPICON_NAME = AppIcon;
				CODE_SIGN_STYLE = Automatic;
				DEVELOPMENT_ASSET_PATHS = "Coffee/Preview\\ Content";
				ENABLE_PREVIEWS = YES;
				INFOPLIST_FILE = Coffee/Info.plist;
				LD_RUNPATH_SEARCH_PATHS = (
					"$(inherited)",
					"@executable_path/Frameworks",
				);
				PRODUCT_BUNDLE_IDENTIFIER = de.qixxit.Coffee;
				PRODUCT_NAME = "$(TARGET_NAME)";
				SWIFT_VERSION = 5.0;
				TARGETED_DEVICE_FAMILY = "1,2";
			};
			name = Debug;
		};
		AD04CD7422C4C70400F45E6E /* Release */ = {
			isa = XCBuildConfiguration;
			buildSettings = {
				ASSETCATALOG_COMPILER_APPICON_NAME = AppIcon;
				CODE_SIGN_STYLE = Automatic;
				DEVELOPMENT_ASSET_PATHS = "Coffee/Preview\\ Content";
				ENABLE_PREVIEWS = YES;
				INFOPLIST_FILE = Coffee/Info.plist;
				LD_RUNPATH_SEARCH_PATHS = (
					"$(inherited)",
					"@executable_path/Frameworks",
				);
				PRODUCT_BUNDLE_IDENTIFIER = de.qixxit.Coffee;
				PRODUCT_NAME = "$(TARGET_NAME)";
				SWIFT_VERSION = 5.0;
				TARGETED_DEVICE_FAMILY = "1,2";
			};
			name = Release;
		};
/* End XCBuildConfiguration section */

/* Begin XCConfigurationList section */
		AD04CD5922C4C70200F45E6E /* Build configuration list for PBXProject "Coffee" */ = {
			isa = XCConfigurationList;
			buildConfigurations = (
				AD04CD7022C4C70400F45E6E /* Debug */,
				AD04CD7122C4C70400F45E6E /* Release */,
			);
			defaultConfigurationIsVisible = 0;
			defaultConfigurationName = Release;
		};
		AD04CD7222C4C70400F45E6E /* Build configuration list for PBXNativeTarget "Coffee" */ = {
			isa = XCConfigurationList;
			buildConfigurations = (
				AD04CD7322C4C70400F45E6E /* Debug */,
				AD04CD7422C4C70400F45E6E /* Release */,
			);
			defaultConfigurationIsVisible = 0;
			defaultConfigurationName = Release;
		};
/* End XCConfigurationList section */
	};
	rootObject = AD04CD5622C4C70200F45E6E /* Project object */;
}
